
Microsoft Visual Studio Solution File, Format Version 12.00
# Visual Studio Version 17
VisualStudioVersion = 17.9.34723.18
MinimumVisualStudioVersion = 10.0.40219.1
Project("{FAE04EC0-301F-11D3-BF4B-00C04F79EFBC}") = "ApiGym", "ApiGym.csproj", "{4178082E-B6B6-4DED-8F4B-B19832C78A73}"
EndProject
Global
	GlobalSection(SolutionConfigurationPlatforms) = preSolution
		Debug|Any CPU = Debug|Any CPU
		Release|Any CPU = Release|Any CPU
	EndGlobalSection
	GlobalSection(ProjectConfigurationPlatforms) = postSolution
		{4178082E-B6B6-4DED-8F4B-B19832C78A73}.Debug|Any CPU.ActiveCfg = Debug|Any CPU
		{4178082E-B6B6-4DED-8F4B-B19832C78A73}.Debug|Any CPU.Build.0 = Debug|Any CPU
		{4178082E-B6B6-4DED-8F4B-B19832C78A73}.Release|Any CPU.ActiveCfg = Release|Any CPU
		{4178082E-B6B6-4DED-8F4B-B19832C78A73}.Release|Any CPU.Build.0 = Release|Any CPU
	EndGlobalSection
	GlobalSection(SolutionProperties) = preSolution
		HideSolutionNode = FALSE
	EndGlobalSection
	GlobalSection(ExtensibilityGlobals) = postSolution
		SolutionGuid = {73E30D9C-2904-46C8-A5FE-0391500E5D6F}
	EndGlobalSection
EndGlobal
